
Microsoft Visual Studio Solution File, Format Version 12.00
# Visual Studio Version 16
VisualStudioVersion = 16.0.32510.428
MinimumVisualStudioVersion = 10.0.40219.1
Project("{FAE04EC0-301F-11D3-BF4B-00C04F79EFBC}") = "EXAMEN-DECORADOR", "EXAMEN-DECORADOR\EXAMEN-DECORADOR.csproj", "{308B296E-B250-4D4E-9E6C-38AB38DE43FC}"
EndProject
Global
	GlobalSection(SolutionConfigurationPlatforms) = preSolution
		Debug|Any CPU = Debug|Any CPU
		Release|Any CPU = Release|Any CPU
	EndGlobalSection
	GlobalSection(ProjectConfigurationPlatforms) = postSolution
		{308B296E-B250-4D4E-9E6C-38AB38DE43FC}.Debug|Any CPU.ActiveCfg = Debug|Any CPU
		{308B296E-B250-4D4E-9E6C-38AB38DE43FC}.Debug|Any CPU.Build.0 = Debug|Any CPU
		{308B296E-B250-4D4E-9E6C-38AB38DE43FC}.Release|Any CPU.ActiveCfg = Release|Any CPU
		{308B296E-B250-4D4E-9E6C-38AB38DE43FC}.Release|Any CPU.Build.0 = Release|Any CPU
	EndGlobalSection
	GlobalSection(SolutionProperties) = preSolution
		HideSolutionNode = FALSE
	EndGlobalSection
	GlobalSection(ExtensibilityGlobals) = postSolution
		SolutionGuid = {66A29132-94E2-40FB-BE49-83C840319246}
	EndGlobalSection
EndGlobal
